<?xml version="1.0" encoding="utf-8"?>
<Project ToolsVersion="4.0" xmlns="http://schemas.microsoft.com/developer/msbuild/2003">
  <ItemGroup>
    <Filter Include="源文件">
      <UniqueIdentifier>{4FC737F1-C7A5-4376-A066-2A32D752A2FF}</UniqueIdentifier>
      <Extensions>cpp;c;cc;cxx;def;odl;idl;hpj;bat;asm;asmx</Extensions>
    </Filter>
    <Filter Include="头文件">
      <UniqueIdentifier>{93995380-89BD-4b04-88EB-625FBE52EBFB}</UniqueIdentifier>
      <Extensions>h;hh;hpp;hxx;hm;inl;inc;ipp;xsd</Extensions>
    </Filter>
    <Filter Include="资源文件">
      <UniqueIdentifier>{67DA6AB6-F800-4c08-8B7A-83BB121AAD01}</UniqueIdentifier>
      <Extensions>rc;ico;cur;bmp;dlg;rc2;rct;bin;rgs;gif;jpg;jpeg;jpe;resx;tiff;tif;png;wav;mfcribbon-ms</Extensions>
    </Filter>
    <Filter Include="las">
      <UniqueIdentifier>{cf41a260-da49-4d39-91f0-443161cb0ede}</UniqueIdentifier>
    </Filter>
    <Filter Include="DCDT%28TIN%29">
      <UniqueIdentifier>{989770e3-7ecb-4425-8589-3c330a4d2cc4}</UniqueIdentifier>
    </Filter>
    <Filter Include="meanshift">
      <UniqueIdentifier>{94a8569f-430a-4f47-a379-1aecfe8969f3}</UniqueIdentifier>
    </Filter>
  </ItemGroup>
  <ItemGroup>
    <ClCompile Include="CFSFDP.cpp">
      <Filter>源文件</Filter>
    </ClCompile>
    <ClCompile Include="isodata.cpp">
      <Filter>源文件</Filter>
    </ClCompile>
    <ClCompile Include="max_min.cpp">
      <Filter>源文件</Filter>
    </ClCompile>
    <ClCompile Include="MBR.cpp">
      <Filter>源文件</Filter>
    </ClCompile>
    <ClCompile Include="myclass.cpp">
      <Filter>源文件</Filter>
    </ClCompile>
    <ClCompile Include="StdAfx.cpp">
      <Filter>源文件</Filter>
    </ClCompile>
    <ClCompile Include="Plane.cpp">
      <Filter>源文件</Filter>
    </ClCompile>
    <ClCompile Include="POINT3D.cpp">
      <Filter>源文件</Filter>
    </ClCompile>
    <ClCompile Include="ReadWrite.cpp">
      <Filter>源文件</Filter>
    </ClCompile>
    <ClCompile Include="Roof_extraction.cpp">
      <Filter>源文件</Filter>
    </ClCompile>
    <ClCompile Include="myfunction.cpp">
      <Filter>源文件</Filter>
    </ClCompile>
    <ClCompile Include="Boudary.cpp">
      <Filter>源文件</Filter>
    </ClCompile>
    <ClCompile Include="Grid.cpp">
      <Filter>源文件</Filter>
    </ClCompile>
    <ClCompile Include="projection.cpp">
      <Filter>源文件</Filter>
    </ClCompile>
    <ClCompile Include="Eight_neighborhood.cpp">
      <Filter>源文件</Filter>
    </ClCompile>
    <ClCompile Include="image.cpp">
      <Filter>源文件</Filter>
    </ClCompile>
    <ClCompile Include="PCA1.cpp">
      <Filter>源文件</Filter>
    </ClCompile>
    <ClCompile Include="Evaluation.cpp">
      <Filter>源文件</Filter>
    </ClCompile>
    <ClCompile Include="main.cpp">
      <Filter>资源文件</Filter>
    </ClCompile>
  </ItemGroup>
  <ItemGroup>
    <ClInclude Include="WuLasFile.h">
      <Filter>资源文件</Filter>
    </ClInclude>
    <ClInclude Include="CFSFDP.h">
      <Filter>头文件</Filter>
    </ClInclude>
    <ClInclude Include="common.h">
      <Filter>头文件</Filter>
    </ClInclude>
    <ClInclude Include="DataPoint.h">
      <Filter>头文件</Filter>
    </ClInclude>
    <ClInclude Include="isodata.h">
      <Filter>头文件</Filter>
    </ClInclude>
    <ClInclude Include="max_min.h">
      <Filter>头文件</Filter>
    </ClInclude>
    <ClInclude Include="MBR.h">
      <Filter>头文件</Filter>
    </ClInclude>
    <ClInclude Include="myclass.h">
      <Filter>头文件</Filter>
    </ClInclude>
    <ClInclude Include="Plane.h">
      <Filter>头文件</Filter>
    </ClInclude>
    <ClInclude Include="POINT3D.h">
      <Filter>头文件</Filter>
    </ClInclude>
    <ClInclude Include="StdAfx.h">
      <Filter>头文件</Filter>
    </ClInclude>
    <ClInclude Include="ReadWrite.h">
      <Filter>头文件</Filter>
    </ClInclude>
    <ClInclude Include="typedef.h">
      <Filter>头文件</Filter>
    </ClInclude>
    <ClInclude Include="Roof_extraction.h">
      <Filter>头文件</Filter>
    </ClInclude>
    <ClInclude Include="myfunction.h">
      <Filter>头文件</Filter>
    </ClInclude>
    <ClInclude Include="Boudary.h">
      <Filter>头文件</Filter>
    </ClInclude>
    <ClInclude Include="Grid.h">
      <Filter>头文件</Filter>
    </ClInclude>
    <ClInclude Include="projection.h">
      <Filter>头文件</Filter>
    </ClInclude>
    <ClInclude Include="ClusterAnalysis.h">
      <Filter>头文件</Filter>
    </ClInclude>
    <ClInclude Include="Eight_neighborhood.h">
      <Filter>头文件</Filter>
    </ClInclude>
    <ClInclude Include="image.h">
      <Filter>头文件</Filter>
    </ClInclude>
    <ClInclude Include="PCA1.h">
      <Filter>头文件</Filter>
    </ClInclude>
    <ClInclude Include="Evaluation.h">
      <Filter>头文件</Filter>
    </ClInclude>
  </ItemGroup>
  <ItemGroup>
    <None Include="PCLDebug.props">
      <Filter>资源文件</Filter>
    </None>
    <None Include="PCLrelease.props">
      <Filter>资源文件</Filter>
    </None>
    <None Include="WuLasFile">
      <Filter>资源文件</Filter>
    </None>
    <None Include="WuLasFile.dll">
      <Filter>资源文件</Filter>
    </None>
    <None Include="WuLasFile64.dll">
      <Filter>资源文件</Filter>
    </None>
  </ItemGroup>
  <ItemGroup>
    <Library Include="WuLasFile.lib">
      <Filter>资源文件</Filter>
    </Library>
    <Library Include="WuLasFile64.lib">
      <Filter>资源文件</Filter>
    </Library>
  </ItemGroup>
</Project>